
Microsoft Visual Studio Solution File, Format Version 12.00
# Visual Studio Version 17
VisualStudioVersion = 17.10.34902.84
MinimumVisualStudioVersion = 10.0.40219.1
Project("{2150E333-8FDC-42A3-9474-1A3956D46DE8}") = "Core", "Core", "{659D3F43-7BAF-4AE0-813E-FFA11DC72405}"
EndProject
Project("{2150E333-8FDC-42A3-9474-1A3956D46DE8}") = "Infrastructure", "Infrastructure", "{7AAB98A0-664C-4AF9-BCD8-9666E1EA08B3}"
EndProject
Project("{2150E333-8FDC-42A3-9474-1A3956D46DE8}") = "Solution Items", "Solution Items", "{64301CDA-4C10-42BC-95CF-D622DA902AF8}"
	ProjectSection(SolutionItems) = preProject
		TextFile.txt = TextFile.txt
	EndProjectSection
EndProject
Project("{9A19103F-16F7-4668-BE54-9A1E7A4F7556}") = "EHospital.API", "EHospital.API\EHospital.API.csproj", "{F74EF4D8-7E68-4E0E-A6F2-D91D2019D378}"
EndProject
Project("{9A19103F-16F7-4668-BE54-9A1E7A4F7556}") = "EHospital.Infrastructure", "Infrastructure\EHospital.Infrastructure\EHospital.Infrastructure.csproj", "{DB3069F8-C15C-40AD-8D24-B676133A07B9}"
EndProject
Project("{9A19103F-16F7-4668-BE54-9A1E7A4F7556}") = "EHospital.Persistence", "Infrastructure\EHospital.Persistence\EHospital.Persistence.csproj", "{F7042148-C720-465C-89B0-D82489A1809B}"
EndProject
Project("{9A19103F-16F7-4668-BE54-9A1E7A4F7556}") = "EHospital.Application", "Core\EHospital.Application\EHospital.Application.csproj", "{54B6008C-7A96-4FC2-A451-E4147D4BE0CB}"
EndProject
Project("{9A19103F-16F7-4668-BE54-9A1E7A4F7556}") = "EHospital.Domain", "Core\EHospital.Domain\EHospital.Domain.csproj", "{7F777EC0-38BA-4F23-8330-40C0C0D57194}"
EndProject
Project("{2150E333-8FDC-42A3-9474-1A3956D46DE8}") = "src", "src", "{9FB6110A-422A-4471-BAC1-3F3E924EBD05}"
EndProject
Project("{2150E333-8FDC-42A3-9474-1A3956D46DE8}") = "EHospitalLogger", "EHospitalLogger", "{D013D9E5-29CC-4705-97FF-4017B2314322}"
EndProject
Project("{FAE04EC0-301F-11D3-BF4B-00C04F79EFBC}") = "Loging.Api", "src\EHospitalLogger\Loging.Api\Loging.Api.csproj", "{B9027574-F504-4B45-BA44-1C58D4A59546}"
EndProject
Global
	GlobalSection(SolutionConfigurationPlatforms) = preSolution
		Debug|Any CPU = Debug|Any CPU
		Release|Any CPU = Release|Any CPU
	EndGlobalSection
	GlobalSection(ProjectConfigurationPlatforms) = postSolution
		{F74EF4D8-7E68-4E0E-A6F2-D91D2019D378}.Debug|Any CPU.ActiveCfg = Debug|Any CPU
		{F74EF4D8-7E68-4E0E-A6F2-D91D2019D378}.Debug|Any CPU.Build.0 = Debug|Any CPU
		{F74EF4D8-7E68-4E0E-A6F2-D91D2019D378}.Release|Any CPU.ActiveCfg = Release|Any CPU
		{F74EF4D8-7E68-4E0E-A6F2-D91D2019D378}.Release|Any CPU.Build.0 = Release|Any CPU
		{DB3069F8-C15C-40AD-8D24-B676133A07B9}.Debug|Any CPU.ActiveCfg = Debug|Any CPU
		{DB3069F8-C15C-40AD-8D24-B676133A07B9}.Debug|Any CPU.Build.0 = Debug|Any CPU
		{DB3069F8-C15C-40AD-8D24-B676133A07B9}.Release|Any CPU.ActiveCfg = Release|Any CPU
		{DB3069F8-C15C-40AD-8D24-B676133A07B9}.Release|Any CPU.Build.0 = Release|Any CPU
		{F7042148-C720-465C-89B0-D82489A1809B}.Debug|Any CPU.ActiveCfg = Debug|Any CPU
		{F7042148-C720-465C-89B0-D82489A1809B}.Debug|Any CPU.Build.0 = Debug|Any CPU
		{F7042148-C720-465C-89B0-D82489A1809B}.Release|Any CPU.ActiveCfg = Release|Any CPU
		{F7042148-C720-465C-89B0-D82489A1809B}.Release|Any CPU.Build.0 = Release|Any CPU
		{54B6008C-7A96-4FC2-A451-E4147D4BE0CB}.Debug|Any CPU.ActiveCfg = Debug|Any CPU
		{54B6008C-7A96-4FC2-A451-E4147D4BE0CB}.Debug|Any CPU.Build.0 = Debug|Any CPU
		{54B6008C-7A96-4FC2-A451-E4147D4BE0CB}.Release|Any CPU.ActiveCfg = Release|Any CPU
		{54B6008C-7A96-4FC2-A451-E4147D4BE0CB}.Release|Any CPU.Build.0 = Release|Any CPU
		{7F777EC0-38BA-4F23-8330-40C0C0D57194}.Debug|Any CPU.ActiveCfg = Debug|Any CPU
		{7F777EC0-38BA-4F23-8330-40C0C0D57194}.Debug|Any CPU.Build.0 = Debug|Any CPU
		{7F777EC0-38BA-4F23-8330-40C0C0D57194}.Release|Any CPU.ActiveCfg = Release|Any CPU
		{7F777EC0-38BA-4F23-8330-40C0C0D57194}.Release|Any CPU.Build.0 = Release|Any CPU
		{B9027574-F504-4B45-BA44-1C58D4A59546}.Debug|Any CPU.ActiveCfg = Debug|Any CPU
		{B9027574-F504-4B45-BA44-1C58D4A59546}.Debug|Any CPU.Build.0 = Debug|Any CPU
		{B9027574-F504-4B45-BA44-1C58D4A59546}.Release|Any CPU.ActiveCfg = Release|Any CPU
		{B9027574-F504-4B45-BA44-1C58D4A59546}.Release|Any CPU.Build.0 = Release|Any CPU
	EndGlobalSection
	GlobalSection(SolutionProperties) = preSolution
		HideSolutionNode = FALSE
	EndGlobalSection
	GlobalSection(NestedProjects) = preSolution
		{DB3069F8-C15C-40AD-8D24-B676133A07B9} = {7AAB98A0-664C-4AF9-BCD8-9666E1EA08B3}
		{F7042148-C720-465C-89B0-D82489A1809B} = {7AAB98A0-664C-4AF9-BCD8-9666E1EA08B3}
		{54B6008C-7A96-4FC2-A451-E4147D4BE0CB} = {659D3F43-7BAF-4AE0-813E-FFA11DC72405}
		{7F777EC0-38BA-4F23-8330-40C0C0D57194} = {659D3F43-7BAF-4AE0-813E-FFA11DC72405}
		{D013D9E5-29CC-4705-97FF-4017B2314322} = {9FB6110A-422A-4471-BAC1-3F3E924EBD05}
		{B9027574-F504-4B45-BA44-1C58D4A59546} = {D013D9E5-29CC-4705-97FF-4017B2314322}
	EndGlobalSection
	GlobalSection(ExtensibilityGlobals) = postSolution
		SolutionGuid = {EE1FA213-F0F3-4738-A914-5B1E00E29D8B}
	EndGlobalSection
EndGlobal
